github.com/aws/aws-sdk-go-v2 v1.40.1 h1:difXb4maDZkRH0x//Qkwcfpdg1XQVXEAEs2DdXldFFc=
github.com/aws/aws-sdk-go-v2 v1.40.1/go.mod h1:MayyLB8y+buD9hZqkCW3kX1AKq07Y5pXxtgB+rRFhz0=
github.com/aws/aws-sdk-go-v2/aws/protocol/eventstream v1.7.1 h1:i8p8P4diljCr60PpJp6qZXNlgX4m2yQFpYk+9ZT+J4E=
github.com/aws/aws-sdk-go-v2/aws/protocol/eventstream v1.7.1/go.mod h1:ddqbooRZYNoJ2dsTwOty16rM+/Aqmk/GOXrK8cg7V00=
github.com/aws/aws-sdk-go-v2/config v1.31.10 h1:7LllDZAegXU3yk41mwM6KcPu0wmjKGQB1bg99bNdQm4=
github.com/aws/aws-sdk-go-v2/config v1.31.10/go.mod h1:Ge6gzXPjqu4v0oHvgAwvGzYcK921GU0hQM25WF/Kl+8=
github.com/aws/aws-sdk-go-v2/credentials v1.18.14 h1:TxkI7QI+sFkTItN/6cJuMZEIVMFXeu2dI1ZffkXngKI=
github.com/aws/aws-sdk-go-v2/credentials v1.18.14/go.mod h1:12x4Uw/vijC11XkctTjy92TNCQ+UnNJkT7fzX0Yd93E=
github.com/aws/aws-sdk-go-v2/feature/ec2/imds v1.18.8 h1:gLD09eaJUdiszm7vd1btiQUYE0Hj+0I2b8AS+75z9AY=
github.com/aws/aws-sdk-go-v2/feature/ec2/imds v1.18.8/go.mod h1:4RW3oMPt1POR74qVOC4SbubxAwdP4pCT0nSw3jycOU4=
github.com/aws/aws-sdk-go-v2/internal/configsources v1.4.15 h1:Y5YXgygXwDI5P4RkteB5yF7v35neH7LfJKBG+hzIons=
github.com/aws/aws-sdk-go-v2/internal/configsources v1.4.15/go.mod h1:K+/1EpG42dFSY7CBj+Fruzm8PsCGWTXJ3jdeJ659oGQ=
github.com/aws/aws-sdk-go-v2/internal/endpoints/v2 v2.7.15 h1:AvltKnW9ewxX2hFmQS0FyJH93aSvJVUEFvXfU+HWtSE=
github.com/aws/aws-sdk-go-v2/internal/endpoints/v2 v2.7.15/go.mod h1:3I4oCdZdmgrREhU74qS1dK9yZ62yumob+58AbFR4cQA=
github.com/aws/aws-sdk-go-v2/internal/ini v1.8.3 h1:bIqFDwgGXXN1Kpp99pDOdKMTTb5d2KyU5X/BZxjOkRo=
github.com/aws/aws-sdk-go-v2/internal/ini v1.8.3/go.mod h1:H5O/EsxDWyU+LP/V8i5sm8cxoZgc2fdNR9bxlOFrQTo=
github.com/aws/aws-sdk-go-v2/internal/v4a v1.4.8 h1:1/bT9kDdLQzfZ1e6J6hpW+SfNDd6xrV8F3M2CuGyUz8=
github.com/aws/aws-sdk-go-v2/internal/v4a v1.4.8/go.mod h1:RbdwTONAIi59ej/+1H+QzZORt5bcyAtbrS7FQb2pvz0=
github.com/aws/aws-sdk-go-v2/service/autoscaling v1.59.4 h1:nRvgLIy35Ls71GdH7RD/HJTfxCbdRuCLJFvARZOotic=
github.com/aws/aws-sdk-go-v2/service/autoscaling v1.59.4/go.mod h1:jgw3NI16z3l9PKxQUxpnkGZtkr8W1/eWiRJAcaZ5VSo=
github.com/aws/aws-sdk-go-v2/service/cloudwatch v1.52.6 h1:sYHFJrflRClDOA/UZ9Y56DS7Rf2CNgjEzE2dlSGU7Yg=
github.com/aws/aws-sdk-go-v2/service/cloudwatch v1.52.6/go.mod h1:MJCj4G367pVtvEfNpfJaw1NFipVkBkIEtIp9PwTi+3Y=
github.com/aws/aws-sdk-go-v2/service/ec2 v1.254.0 h1:fTLR6dLDTGChAjecRPlVrKeznT0rVdzR4yn9Z68MTGk=
github.com/aws/aws-sdk-go-v2/service/ec2 v1.254.0/go.mod h1:V0jbRy1/IPapnkqgXSwVOFB+u5pnCwd9S+R3pKWULC4=
github.com/aws/aws-sdk-go-v2/service/internal/accept-encoding v1.13.1 h1:oegbebPEMA/1Jny7kvwejowCaHz1FWZAQ94WXFNCyTM=
github.com/aws/aws-sdk-go-v2/service/internal/accept-encoding v1.13.1/go.mod h1:kemo5Myr9ac0U9JfSjMo9yHLtw+pECEHsFtJ9tqCEI8=
github.com/aws/aws-sdk-go-v2/service/internal/checksum v1.8.8 h1:tIN8MFT1z5STK5kTdOT1TCfMN/bn5fSEnlKsTL8qBOU=
github.com/aws/aws-sdk-go-v2/service/internal/checksum v1.8.8/go.mod h1:VKS56txtNWjKI8FqD/hliL0BcshyF4ZaLBa1rm2Y+5s=
github.com/aws/aws-sdk-go-v2/service/internal/presigned-url v1.13.8 h1:M6JI2aGFEzYxsF6CXIuRBnkge9Wf9a2xU39rNeXgu10=
github.com/aws/aws-sdk-go-v2/service/internal/presigned-url v1.13.8/go.mod h1:Fw+MyTwlwjFsSTE31mH211Np+CUslml8mzc0AFEG09s=
github.com/aws/aws-sdk-go-v2/service/internal/s3shared v1.19.8 h1:AgYCo1Rb8XChJXA871BXHDNxNWOTAr6V5YdsRIBbgv0=
github.com/aws/aws-sdk-go-v2/service/internal/s3shared v1.19.8/go.mod h1:Au9dvIGm1Hbqnt29d3VakOCQuN9l0WrkDDTRq8biWS4=
github.com/aws/aws-sdk-go-v2/service/route53 v1.58.3 h1:jQzRC+0eI/l5mFXVoPTyyolrqyZtKIYaKHSuKJoIJKs=
github.com/aws/aws-sdk-go-v2/service/route53 v1.58.3/go.mod h1:1GNaojT/gG4Ru9tT39ton6kRZ3FvptJ/QRKBoqUOVX4=
github.com/aws/aws-sdk-go-v2/service/s3 v1.88.2 h1:T7b3qniouutV5Wwa9B1q7gW+Y8s1B3g9RE9qa7zLBIM=
github.com/aws/aws-sdk-go-v2/service/s3 v1.88.2/go.mod h1:tW9TsLb6t1eaTdBE6LITyJW1m/+DjQPU78Q/jT2FJu8=
github.com/aws/aws-sdk-go-v2/service/sso v1.29.4 h1:FTdEN9dtWPB0EOURNtDPmwGp6GGvMqRJCAihkSl/1No=
github.com/aws/aws-sdk-go-v2/service/sso v1.29.4/go.mod h1:mYubxV9Ff42fZH4kexj43gFPhgc/LyC7KqvUKt1watc=
github.com/aws/aws-sdk-go-v2/service/ssooidc v1.35.0 h1:I7ghctfGXrscr7r1Ga/mDqSJKm7Fkpl5Mwq79Z+rZqU=
github.com/aws/aws-sdk-go-v2/service/ssooidc v1.35.0/go.mod h1:Zo9id81XP6jbayIFWNuDpA6lMBWhsVy+3ou2jLa4JnA=
github.com/aws/aws-sdk-go-v2/service/sts v1.38.5 h1:+LVB0xBqEgjQoqr9bGZbRzvg212B0f17JdflleJRNR4=
github.com/aws/aws-sdk-go-v2/service/sts v1.38.5/go.mod h1:xoaxeqnnUaZjPjaICgIy5B+MHCSb/ZSOn4MvkFNOUA0=
github.com/aws/smithy-go v1.24.0 h1:LpilSUItNPFr1eY85RYgTIg5eIEPtvFbskaFcmmIUnk=
github.com/aws/smithy-go v1.24.0/go.mod h1:LEj2LM3rBRQJxPZTB4KuzZkaZYnZPnvgIhb4pu07mx0=
